<?xml version="1.0" encoding="utf-8"?>
<Project ToolsVersion="4.0" xmlns="http://schemas.microsoft.com/developer/msbuild/2003">
  <ItemGroup>
    <Filter Include="Default">
      <UniqueIdentifier>{54129c6e-a243-443e-9088-a7459bbdcab8}</UniqueIdentifier>
    </Filter>
    <Filter Include="Game">
      <UniqueIdentifier>{d0e88143-6f75-4eb6-ab3f-f86c577e0b01}</UniqueIdentifier>
    </Filter>
    <Filter Include="Game\01. Header">
      <UniqueIdentifier>{2166df5f-41f3-467d-84d3-2cffcd9510ad}</UniqueIdentifier>
    </Filter>
    <Filter Include="Game\02. Engine">
      <UniqueIdentifier>{86759c63-a9e2-43c0-8b59-f8c88df551b2}</UniqueIdentifier>
    </Filter>
    <Filter Include="Game\03. Manager">
      <UniqueIdentifier>{572e2969-5f97-463e-bd20-6e4e4894952c}</UniqueIdentifier>
    </Filter>
    <Filter Include="Game\04. Level">
      <UniqueIdentifier>{de03998d-92ce-4dfc-a587-a48c6a526070}</UniqueIdentifier>
    </Filter>
    <Filter Include="Game\05. Object">
      <UniqueIdentifier>{fbc08bd5-a59f-4220-b354-f5e7c3bd360c}</UniqueIdentifier>
    </Filter>
    <Filter Include="Game\01. Header\global">
      <UniqueIdentifier>{5fa588c8-8b11-4dc1-aa7c-ece5d2151d05}</UniqueIdentifier>
    </Filter>
    <Filter Include="Game\03. Manager\Asset">
      <UniqueIdentifier>{b1eb85c9-e687-4452-ad90-ca8d187fb605}</UniqueIdentifier>
    </Filter>
    <Filter Include="Game\03. Manager\Camera">
      <UniqueIdentifier>{9360b7a5-be4e-4c02-8975-ae317d6eb48e}</UniqueIdentifier>
    </Filter>
    <Filter Include="Game\03. Manager\Collision">
      <UniqueIdentifier>{fde89a67-cfbb-4e82-8346-5ca61b5f51b2}</UniqueIdentifier>
    </Filter>
    <Filter Include="Game\03. Manager\Level">
      <UniqueIdentifier>{bf3b9a1b-92c3-45f6-86ac-9f5252fb069b}</UniqueIdentifier>
    </Filter>
    <Filter Include="Game\03. Manager\Path">
      <UniqueIdentifier>{8eca33a8-8906-4987-8f67-e2f2a032c01c}</UniqueIdentifier>
    </Filter>
    <Filter Include="Game\03. Manager\Time">
      <UniqueIdentifier>{7594b095-5d59-4031-905f-ee1683a475ca}</UniqueIdentifier>
    </Filter>
    <Filter Include="Game\04. Level\StartLevel">
      <UniqueIdentifier>{8fae7f23-b949-4a81-83e4-d93076b33097}</UniqueIdentifier>
    </Filter>
    <Filter Include="Game\04. Level\PlayLevel">
      <UniqueIdentifier>{4bbec733-08b1-4427-b7d1-84f017beacdb}</UniqueIdentifier>
    </Filter>
    <Filter Include="Game\04. Level\EditorLevel">
      <UniqueIdentifier>{31d7960f-9d72-4926-ad61-bc2997ec3411}</UniqueIdentifier>
    </Filter>
    <Filter Include="Game\05. Object\Gear">
      <UniqueIdentifier>{25ba2ef9-f93f-4aa3-bf05-9730b092b822}</UniqueIdentifier>
    </Filter>
    <Filter Include="Game\05. Object\Note">
      <UniqueIdentifier>{7b6ef94e-fb31-4512-948d-23e23f6a3313}</UniqueIdentifier>
    </Filter>
    <Filter Include="Game\05. Object\SideTrack">
      <UniqueIdentifier>{c7b0cfb9-f401-428a-a068-4c29a11d3aca}</UniqueIdentifier>
    </Filter>
    <Filter Include="Game\05. Object\UI">
      <UniqueIdentifier>{935523de-a549-4398-83b9-746b77d875bb}</UniqueIdentifier>
    </Filter>
    <Filter Include="Game\03. Manager\Key">
      <UniqueIdentifier>{0a0673bd-27ba-4821-b4d5-687c3fd56fae}</UniqueIdentifier>
    </Filter>
    <Filter Include="Game\03. Manager\GC">
      <UniqueIdentifier>{67a40f6a-faad-4073-8ef0-8d8ba81c5ab5}</UniqueIdentifier>
    </Filter>
    <Filter Include="Game\03. Manager\Task">
      <UniqueIdentifier>{473fa0e5-bdfc-4278-90b0-1fa35ab3a022}</UniqueIdentifier>
    </Filter>
    <Filter Include="Game\03. Manager\UI">
      <UniqueIdentifier>{9451171b-dcbd-42b9-8dd5-a154e030dfcd}</UniqueIdentifier>
    </Filter>
    <Filter Include="Game\06. Component">
      <UniqueIdentifier>{493ea82d-59d5-4e85-adca-d5108462799c}</UniqueIdentifier>
    </Filter>
    <Filter Include="Game\06. Component\Animator">
      <UniqueIdentifier>{78fe1103-ec0f-4a0f-a85d-3700ba4a463f}</UniqueIdentifier>
    </Filter>
    <Filter Include="Game\06. Component\Animator\Anim">
      <UniqueIdentifier>{9ea40df0-2106-4536-9820-911ffd8d109c}</UniqueIdentifier>
    </Filter>
    <Filter Include="Game\06. Component\Collider">
      <UniqueIdentifier>{62cc6b7a-8bb4-4767-a6d6-dcf63d59f5b7}</UniqueIdentifier>
    </Filter>
    <Filter Include="Game\06. Component\Movement">
      <UniqueIdentifier>{4c75a20a-4df9-4712-b5bb-4521e97a14f1}</UniqueIdentifier>
    </Filter>
    <Filter Include="Game\07. Asset">
      <UniqueIdentifier>{2aa79171-90ee-4302-9d12-24215aded087}</UniqueIdentifier>
    </Filter>
    <Filter Include="Game\07. Asset\Sound0">
      <UniqueIdentifier>{ac124bd7-5fad-4b70-80e7-b87c3f357a2b}</UniqueIdentifier>
    </Filter>
    <Filter Include="Game\07. Asset\Texture0">
      <UniqueIdentifier>{3bb69935-484e-4d3b-94c4-23f5e3b383c7}</UniqueIdentifier>
    </Filter>
    <Filter Include="Game\05. Object\Video">
      <UniqueIdentifier>{f51f4c70-d856-451c-a1c6-7a2a3ebb2e74}</UniqueIdentifier>
    </Filter>
    <Filter Include="Game\05. Object\UI\BtnUI">
      <UniqueIdentifier>{e46be0eb-4f86-43c9-b8b7-2464141d16f9}</UniqueIdentifier>
    </Filter>
    <Filter Include="Game\05. Object\UI\PanelUI">
      <UniqueIdentifier>{f17723df-76c2-4198-8d1f-7603c238d91f}</UniqueIdentifier>
    </Filter>
    <Filter Include="Game\03. Manager\Sound">
      <UniqueIdentifier>{2c4631be-b893-48e0-b9ae-5511da0f0b56}</UniqueIdentifier>
    </Filter>
    <Filter Include="Game\06. Component\StateMachine">
      <UniqueIdentifier>{1ed76df3-4ae8-4bbc-8657-a60d55e0e38a}</UniqueIdentifier>
    </Filter>
    <Filter Include="Game\08. State">
      <UniqueIdentifier>{4188cad4-d56e-4722-a1ef-b4862ace87c8}</UniqueIdentifier>
    </Filter>
    <Filter Include="Game\08. State\CoolBomb">
      <UniqueIdentifier>{de29d163-5466-4ba2-8226-25084873ce46}</UniqueIdentifier>
    </Filter>
    <Filter Include="Game\08. State\LevelChoice">
      <UniqueIdentifier>{7d9b373c-757b-4512-b343-442eb84a6506}</UniqueIdentifier>
    </Filter>
    <Filter Include="Game\04. Level\SelectLevel">
      <UniqueIdentifier>{3fa0fc79-a1b2-4a81-b8f2-b5fbbf3a66ab}</UniqueIdentifier>
    </Filter>
    <Filter Include="Game\04. Level\ScoreLevel">
      <UniqueIdentifier>{13e96526-6b22-485b-8478-462d0142a343}</UniqueIdentifier>
    </Filter>
    <Filter Include="Game\00. Entity">
      <UniqueIdentifier>{53ad4cda-65c1-4a6d-a96d-b8b2c11b8c02}</UniqueIdentifier>
    </Filter>
    <Filter Include="Game\05. Object\Background">
      <UniqueIdentifier>{6d5a43ce-5fe5-443a-b83c-d8e073116db6}</UniqueIdentifier>
    </Filter>
    <Filter Include="Game\05. Object\Icon">
      <UniqueIdentifier>{6e580060-9aff-40f5-9894-f1009daf2901}</UniqueIdentifier>
    </Filter>
    <Filter Include="Game\05. Object\UI\BtnUI\start">
      <UniqueIdentifier>{ea1732a6-d267-414a-a860-c2afc7df75fe}</UniqueIdentifier>
    </Filter>
    <Filter Include="Game\05. Object\Icon\start">
      <UniqueIdentifier>{d189dd2b-45fd-461c-81f5-bc5be0bc270d}</UniqueIdentifier>
    </Filter>
    <Filter Include="Game\05. Object\Background\Background_alpha">
      <UniqueIdentifier>{4563559b-62ee-4bc7-8e1e-bff9a32a75a9}</UniqueIdentifier>
    </Filter>
    <Filter Include="Game\05. Object\Gear\Gear_editor">
      <UniqueIdentifier>{0dfdb2be-ec97-45dc-a796-7da919139176}</UniqueIdentifier>
    </Filter>
    <Filter Include="Game\05. Object\Gear\Gear_play">
      <UniqueIdentifier>{d26105ce-4e3c-4b89-afe0-3a0eeed85637}</UniqueIdentifier>
    </Filter>
    <Filter Include="Game\05. Object\Background\BGA">
      <UniqueIdentifier>{abd4b278-513f-4d10-a77d-9021c9bd2f59}</UniqueIdentifier>
    </Filter>
    <Filter Include="Game\05. Object\JudgeTexture">
      <UniqueIdentifier>{b35907b7-00c1-48a8-8e54-f0ce96fe9060}</UniqueIdentifier>
    </Filter>
    <Filter Include="Game\06. Component\Transform">
      <UniqueIdentifier>{4eba44b6-9940-47b9-a82d-54c27981227c}</UniqueIdentifier>
    </Filter>
    <Filter Include="Game\05. Object\LineShineTexture">
      <UniqueIdentifier>{468a3aff-459b-4242-9f85-84ed44f34f1c}</UniqueIdentifier>
    </Filter>
    <Filter Include="Game\05. Object\Coolbomb">
      <UniqueIdentifier>{070872bc-6cfd-4876-8bd8-33de80ee370b}</UniqueIdentifier>
    </Filter>
    <Filter Include="Game\05. Object\Fever">
      <UniqueIdentifier>{dd1692f4-a98d-49c5-a096-66b06897e0d3}</UniqueIdentifier>
    </Filter>
    <Filter Include="Game\05. Object\Combo">
      <UniqueIdentifier>{f89338a9-9b4f-49a0-b072-e1b890aefacf}</UniqueIdentifier>
    </Filter>
    <Filter Include="Game\03. Manager\Path\Log">
      <UniqueIdentifier>{f92e4408-f77e-49d0-8e2a-2bef8813d269}</UniqueIdentifier>
    </Filter>
    <Filter Include="Game\05. Object\PlayRankCircle">
      <UniqueIdentifier>{6dc63447-4609-4bb0-b436-413650a8bcf4}</UniqueIdentifier>
    </Filter>
    <Filter Include="Game\05. Object\PlayRank">
      <UniqueIdentifier>{57da2c42-11a0-4204-b612-d3d68330330f}</UniqueIdentifier>
    </Filter>
    <Filter Include="Game\05. Object\NumTexture">
      <UniqueIdentifier>{bb6e3390-f2ee-42fb-8568-ed8fa9d86a87}</UniqueIdentifier>
    </Filter>
    <Filter Include="Game\05. Object\SringTexture">
      <UniqueIdentifier>{f7a83d46-e9ae-40a6-8e86-b7cf942cc98e}</UniqueIdentifier>
    </Filter>
    <Filter Include="Game\05. Object\MusicSelectBar">
      <UniqueIdentifier>{5a83a986-fff2-4d16-8c40-d4edd58340df}</UniqueIdentifier>
    </Filter>
    <Filter Include="Game\05. Object\UI\FocusUI">
      <UniqueIdentifier>{972ef4b1-4aec-42ad-901d-b55c11e85f53}</UniqueIdentifier>
    </Filter>
    <Filter Include="Game\05. Object\MusicAlbumTex">
      <UniqueIdentifier>{1c10e246-f13c-4c18-8733-eb55b2826188}</UniqueIdentifier>
    </Filter>
    <Filter Include="Game\05. Object\MusicInfo">
      <UniqueIdentifier>{932c516e-b093-4ef1-8c7c-16f6afa5d923}</UniqueIdentifier>
    </Filter>
    <Filter Include="Game\05. Object\FocusUI">
      <UniqueIdentifier>{cd4149e6-f448-4d72-a40b-71dfd4ab8e2e}</UniqueIdentifier>
    </Filter>
    <Filter Include="Game\05. Object\EffectAnim">
      <UniqueIdentifier>{b6b643b2-1663-4bd3-9e28-dc3db82aea3d}</UniqueIdentifier>
    </Filter>
    <Filter Include="Game\05. Object\MusicDifficult">
      <UniqueIdentifier>{2a437b11-6fb0-4972-8615-5f755586c43c}</UniqueIdentifier>
    </Filter>
    <Filter Include="Game\05. Object\SpeedTexture">
      <UniqueIdentifier>{a20a85d9-6472-40d4-bef8-8847e2a6429a}</UniqueIdentifier>
    </Filter>
  </ItemGroup>
  <ItemGroup>
    <ClInclude Include="Client.h">
      <Filter>Default</Filter>
    </ClInclude>
    <ClInclude Include="framework.h">
      <Filter>Default</Filter>
    </ClInclude>
    <ClInclude Include="targetver.h">
      <Filter>Default</Filter>
    </ClInclude>
    <ClInclude Include="pch.h">
      <Filter>Default</Filter>
    </ClInclude>
    <ClInclude Include="global.h">
      <Filter>Game\01. Header\global</Filter>
    </ClInclude>
    <ClInclude Include="define.h">
      <Filter>Game\01. Header\global</Filter>
    </ClInclude>
    <ClInclude Include="struct.h">
      <Filter>Game\01. Header\global</Filter>
    </ClInclude>
    <ClInclude Include="func.h">
      <Filter>Game\01. Header\global</Filter>
    </ClInclude>
    <ClInclude Include="CEngine.h">
      <Filter>Game\02. Engine</Filter>
    </ClInclude>
    <ClInclude Include="CEntity.h">
      <Filter>Game\00. Entity</Filter>
    </ClInclude>
    <ClInclude Include="CLevel.h">
      <Filter>Game\04. Level</Filter>
    </ClInclude>
    <ClInclude Include="CObj.h">
      <Filter>Game\05. Object</Filter>
    </ClInclude>
    <ClInclude Include="CLevelMgr.h">
      <Filter>Game\03. Manager\Level</Filter>
    </ClInclude>
    <ClInclude Include="CTimeMgr.h">
      <Filter>Game\03. Manager\Time</Filter>
    </ClInclude>
    <ClInclude Include="CEditorLevel.h">
      <Filter>Game\04. Level\EditorLevel</Filter>
    </ClInclude>
    <ClInclude Include="CPlayLevel.h">
      <Filter>Game\04. Level\PlayLevel</Filter>
    </ClInclude>
    <ClInclude Include="CStartLevel.h">
      <Filter>Game\04. Level\StartLevel</Filter>
    </ClInclude>
    <ClInclude Include="CKeyMgr.h">
      <Filter>Game\03. Manager\Key</Filter>
    </ClInclude>
    <ClInclude Include="CGCMgr.h">
      <Filter>Game\03. Manager\GC</Filter>
    </ClInclude>
    <ClInclude Include="CTaskMgr.h">
      <Filter>Game\03. Manager\Task</Filter>
    </ClInclude>
    <ClInclude Include="components.h">
      <Filter>Game\01. Header</Filter>
    </ClInclude>
    <ClInclude Include="CLayer.h">
      <Filter>Game\04. Level</Filter>
    </ClInclude>
    <ClInclude Include="CComponent.h">
      <Filter>Game\06. Component</Filter>
    </ClInclude>
    <ClInclude Include="CTexture.h">
      <Filter>Game\07. Asset\Texture0</Filter>
    </ClInclude>
    <ClInclude Include="CSound.h">
      <Filter>Game\07. Asset\Sound0</Filter>
    </ClInclude>
    <ClInclude Include="CCollider.h">
      <Filter>Game\06. Component\Collider</Filter>
    </ClInclude>
    <ClInclude Include="CPathMgr.h">
      <Filter>Game\03. Manager\Path</Filter>
    </ClInclude>
    <ClInclude Include="CCamera.h">
      <Filter>Game\03. Manager\Camera</Filter>
    </ClInclude>
    <ClInclude Include="CCollisionMgr.h">
      <Filter>Game\03. Manager\Collision</Filter>
    </ClInclude>
    <ClInclude Include="CAsset.h">
      <Filter>Game\07. Asset</Filter>
    </ClInclude>
    <ClInclude Include="CAssetMgr.h">
      <Filter>Game\03. Manager\Asset</Filter>
    </ClInclude>
    <ClInclude Include="CAnimator.h">
      <Filter>Game\06. Component\Animator</Filter>
    </ClInclude>
    <ClInclude Include="CAnim.h">
      <Filter>Game\06. Component\Animator\Anim</Filter>
    </ClInclude>
    <ClInclude Include="CLogMgr.h">
      <Filter>Game\03. Manager\Path\Log</Filter>
    </ClInclude>
    <ClInclude Include="CMovement.h">
      <Filter>Game\06. Component\Movement</Filter>
    </ClInclude>
    <ClInclude Include="CUI.h">
      <Filter>Game\05. Object\UI</Filter>
    </ClInclude>
    <ClInclude Include="CBtnUI.h">
      <Filter>Game\05. Object\UI\BtnUI</Filter>
    </ClInclude>
    <ClInclude Include="CPanelUI.h">
      <Filter>Game\05. Object\UI\PanelUI</Filter>
    </ClInclude>
    <ClInclude Include="CSoundMgr.h">
      <Filter>Game\03. Manager\Sound</Filter>
    </ClInclude>
    <ClInclude Include="CStateMachine.h">
      <Filter>Game\06. Component\StateMachine</Filter>
    </ClInclude>
    <ClInclude Include="CState.h">
      <Filter>Game\08. State</Filter>
    </ClInclude>
    <ClInclude Include="Resource.h">
      <Filter>Default</Filter>
    </ClInclude>
    <ClInclude Include="CSelectLevel.h">
      <Filter>Game\04. Level\SelectLevel</Filter>
    </ClInclude>
    <ClInclude Include="CScoreLevel.h">
      <Filter>Game\04. Level\ScoreLevel</Filter>
    </ClInclude>
    <ClInclude Include="CNote.h">
      <Filter>Game\05. Object\Note</Filter>
    </ClInclude>
    <ClInclude Include="CBackground.h">
      <Filter>Game\05. Object\Background</Filter>
    </ClInclude>
    <ClInclude Include="CIcon.h">
      <Filter>Game\05. Object\Icon</Filter>
    </ClInclude>
    <ClInclude Include="CBtn_start.h">
      <Filter>Game\05. Object\UI\BtnUI\start</Filter>
    </ClInclude>
    <ClInclude Include="CIcon_start.h">
      <Filter>Game\05. Object\Icon\start</Filter>
    </ClInclude>
    <ClInclude Include="CBackground_alpha.h">
      <Filter>Game\05. Object\Background\Background_alpha</Filter>
    </ClInclude>
    <ClInclude Include="CGear.h">
      <Filter>Game\05. Object\Gear</Filter>
    </ClInclude>
    <ClInclude Include="CGear_EditorLevel.h">
      <Filter>Game\05. Object\Gear\Gear_editor</Filter>
    </ClInclude>
    <ClInclude Include="CBGA.h">
      <Filter>Game\05. Object\Background\BGA</Filter>
    </ClInclude>
    <ClInclude Include="CGear_PlayLevel.h">
      <Filter>Game\05. Object\Gear\Gear_play</Filter>
    </ClInclude>
    <ClInclude Include="CTransform.h">
      <Filter>Game\06. Component\Transform</Filter>
    </ClInclude>
    <ClInclude Include="CJudgeTexture.h">
      <Filter>Game\05. Object\JudgeTexture</Filter>
    </ClInclude>
    <ClInclude Include="CLineShine.h">
      <Filter>Game\05. Object\LineShineTexture</Filter>
    </ClInclude>
    <ClInclude Include="CCoolbomb.h">
      <Filter>Game\05. Object\Coolbomb</Filter>
    </ClInclude>
    <ClInclude Include="CCombo.h">
      <Filter>Game\05. Object\Combo</Filter>
    </ClInclude>
    <ClInclude Include="CFever.h">
      <Filter>Game\05. Object\Fever</Filter>
    </ClInclude>
    <ClInclude Include="CCircle.h">
      <Filter>Game\05. Object\PlayRankCircle</Filter>
    </ClInclude>
    <ClInclude Include="CPlayRank.h">
      <Filter>Game\05. Object\PlayRank</Filter>
    </ClInclude>
    <ClInclude Include="CNumTexture.h">
      <Filter>Game\05. Object\NumTexture</Filter>
    </ClInclude>
    <ClInclude Include="CStringTexture.h">
      <Filter>Game\05. Object\SringTexture</Filter>
    </ClInclude>
    <ClInclude Include="CMusicSelectBar.h">
      <Filter>Game\05. Object\MusicSelectBar</Filter>
    </ClInclude>
    <ClInclude Include="CMusicAlbumTex.h">
      <Filter>Game\05. Object\MusicAlbumTex</Filter>
    </ClInclude>
    <ClInclude Include="CMusicInfo.h">
      <Filter>Game\05. Object\MusicInfo</Filter>
    </ClInclude>
    <ClInclude Include="CUIMgr.h">
      <Filter>Game\03. Manager\UI</Filter>
    </ClInclude>
    <ClInclude Include="CFocusUI.h">
      <Filter>Game\05. Object\FocusUI</Filter>
    </ClInclude>
    <ClInclude Include="CEffectAnim.h" />
    <ClInclude Include="CMusicDifficult.h" />
    <ClInclude Include="CSpeedTexture.h">
      <Filter>Game\05. Object\SpeedTexture</Filter>
    </ClInclude>
  </ItemGroup>
  <ItemGroup>
    <ClCompile Include="main.cpp">
      <Filter>Default</Filter>
    </ClCompile>
    <ClCompile Include="CEngine.cpp">
      <Filter>Game\02. Engine</Filter>
    </ClCompile>
    <ClCompile Include="CEntity.cpp">
      <Filter>Game\00. Entity</Filter>
    </ClCompile>
    <ClCompile Include="CLevel.cpp">
      <Filter>Game\04. Level</Filter>
    </ClCompile>
    <ClCompile Include="CObj.cpp">
      <Filter>Game\05. Object</Filter>
    </ClCompile>
    <ClCompile Include="CLevelMgr.cpp">
      <Filter>Game\03. Manager\Level</Filter>
    </ClCompile>
    <ClCompile Include="CTimeMgr.cpp">
      <Filter>Game\03. Manager\Time</Filter>
    </ClCompile>
    <ClCompile Include="CEditorLevel.cpp">
      <Filter>Game\04. Level\EditorLevel</Filter>
    </ClCompile>
    <ClCompile Include="CPlayLevel.cpp">
      <Filter>Game\04. Level\PlayLevel</Filter>
    </ClCompile>
    <ClCompile Include="CStartLevel.cpp">
      <Filter>Game\04. Level\StartLevel</Filter>
    </ClCompile>
    <ClCompile Include="CKeyMgr.cpp">
      <Filter>Game\03. Manager\Key</Filter>
    </ClCompile>
    <ClCompile Include="CGCMgr.cpp">
      <Filter>Game\03. Manager\GC</Filter>
    </ClCompile>
    <ClCompile Include="CTaskMgr.cpp">
      <Filter>Game\03. Manager\Task</Filter>
    </ClCompile>
    <ClCompile Include="func.cpp">
      <Filter>Game\01. Header\global</Filter>
    </ClCompile>
    <ClCompile Include="CLayer.cpp">
      <Filter>Game\04. Level</Filter>
    </ClCompile>
    <ClCompile Include="CComponent.cpp">
      <Filter>Game\06. Component</Filter>
    </ClCompile>
    <ClCompile Include="CTexture.cpp">
      <Filter>Game\07. Asset\Texture0</Filter>
    </ClCompile>
    <ClCompile Include="CSound.cpp">
      <Filter>Game\07. Asset\Sound0</Filter>
    </ClCompile>
    <ClCompile Include="CCollider.cpp">
      <Filter>Game\06. Component\Collider</Filter>
    </ClCompile>
    <ClCompile Include="CPathMgr.cpp">
      <Filter>Game\03. Manager\Path</Filter>
    </ClCompile>
    <ClCompile Include="pch.cpp">
      <Filter>Default</Filter>
    </ClCompile>
    <ClCompile Include="struct.cpp">
      <Filter>Game\01. Header\global</Filter>
    </ClCompile>
    <ClCompile Include="CCamera.cpp">
      <Filter>Game\03. Manager\Camera</Filter>
    </ClCompile>
    <ClCompile Include="CCollisionMgr.cpp">
      <Filter>Game\03. Manager\Collision</Filter>
    </ClCompile>
    <ClCompile Include="CAsset.cpp">
      <Filter>Game\07. Asset</Filter>
    </ClCompile>
    <ClCompile Include="CAssetMgr.cpp">
      <Filter>Game\03. Manager\Asset</Filter>
    </ClCompile>
    <ClCompile Include="CAnimator.cpp">
      <Filter>Game\06. Component\Animator</Filter>
    </ClCompile>
    <ClCompile Include="CAnim.cpp">
      <Filter>Game\06. Component\Animator\Anim</Filter>
    </ClCompile>
    <ClCompile Include="CLogMgr.cpp">
      <Filter>Game\03. Manager\Path\Log</Filter>
    </ClCompile>
    <ClCompile Include="CMovement.cpp">
      <Filter>Game\06. Component\Movement</Filter>
    </ClCompile>
    <ClCompile Include="CUIMgr.cpp">
      <Filter>Game\03. Manager\UI</Filter>
    </ClCompile>
    <ClCompile Include="CUI.cpp">
      <Filter>Game\05. Object\UI</Filter>
    </ClCompile>
    <ClCompile Include="CBtnUI.cpp">
      <Filter>Game\05. Object\UI\BtnUI</Filter>
    </ClCompile>
    <ClCompile Include="CPanelUI.cpp">
      <Filter>Game\05. Object\UI\PanelUI</Filter>
    </ClCompile>
    <ClCompile Include="CSoundMgr.cpp">
      <Filter>Game\03. Manager\Sound</Filter>
    </ClCompile>
    <ClCompile Include="CStateMachine.cpp">
      <Filter>Game\06. Component\StateMachine</Filter>
    </ClCompile>
    <ClCompile Include="CState.cpp">
      <Filter>Game\08. State</Filter>
    </ClCompile>
    <ClCompile Include="CSelectLevel.cpp">
      <Filter>Game\04. Level\SelectLevel</Filter>
    </ClCompile>
    <ClCompile Include="CScoreLevel.cpp">
      <Filter>Game\04. Level\ScoreLevel</Filter>
    </ClCompile>
    <ClCompile Include="CNote.cpp">
      <Filter>Game\05. Object\Note</Filter>
    </ClCompile>
    <ClCompile Include="CBackground.cpp">
      <Filter>Game\05. Object\Background</Filter>
    </ClCompile>
    <ClCompile Include="CIcon.cpp">
      <Filter>Game\05. Object\Icon</Filter>
    </ClCompile>
    <ClCompile Include="CBtn_start.cpp">
      <Filter>Game\05. Object\UI\BtnUI\start</Filter>
    </ClCompile>
    <ClCompile Include="CIcon_start.cpp">
      <Filter>Game\05. Object\Icon\start</Filter>
    </ClCompile>
    <ClCompile Include="CBackground_alpha.cpp">
      <Filter>Game\05. Object\Background\Background_alpha</Filter>
    </ClCompile>
    <ClCompile Include="CGear.cpp">
      <Filter>Game\05. Object\Gear</Filter>
    </ClCompile>
    <ClCompile Include="CGear_EditorLevel.cpp">
      <Filter>Game\05. Object\Gear\Gear_editor</Filter>
    </ClCompile>
    <ClCompile Include="CBGA.cpp">
      <Filter>Game\05. Object\Background\BGA</Filter>
    </ClCompile>
    <ClCompile Include="CGear_PlayLevel.cpp">
      <Filter>Game\05. Object\Gear\Gear_play</Filter>
    </ClCompile>
    <ClCompile Include="CTransform.cpp">
      <Filter>Game\06. Component\Transform</Filter>
    </ClCompile>
    <ClCompile Include="CJudgeTexture.cpp">
      <Filter>Game\05. Object\JudgeTexture</Filter>
    </ClCompile>
    <ClCompile Include="CLineShine.cpp">
      <Filter>Game\05. Object\LineShineTexture</Filter>
    </ClCompile>
    <ClCompile Include="CCoolbomb.cpp">
      <Filter>Game\05. Object\Coolbomb</Filter>
    </ClCompile>
    <ClCompile Include="CCombo.cpp">
      <Filter>Game\05. Object\Combo</Filter>
    </ClCompile>
    <ClCompile Include="CFever.cpp">
      <Filter>Game\05. Object\Fever</Filter>
    </ClCompile>
    <ClCompile Include="CCircle.cpp">
      <Filter>Game\05. Object\PlayRankCircle</Filter>
    </ClCompile>
    <ClCompile Include="CPlayRank.cpp">
      <Filter>Game\05. Object\PlayRank</Filter>
    </ClCompile>
    <ClCompile Include="CNumTexture.cpp">
      <Filter>Game\05. Object\NumTexture</Filter>
    </ClCompile>
    <ClCompile Include="CStringTexture.cpp">
      <Filter>Game\05. Object\SringTexture</Filter>
    </ClCompile>
    <ClCompile Include="CMusicSelectBar.cpp">
      <Filter>Game\05. Object\MusicSelectBar</Filter>
    </ClCompile>
    <ClCompile Include="CMusicAlbumTex.cpp">
      <Filter>Game\05. Object\MusicAlbumTex</Filter>
    </ClCompile>
    <ClCompile Include="CMusicInfo.cpp">
      <Filter>Game\05. Object\MusicInfo</Filter>
    </ClCompile>
    <ClCompile Include="CFocusUI.cpp">
      <Filter>Game\05. Object\FocusUI</Filter>
    </ClCompile>
    <ClCompile Include="CEffectAnim.cpp" />
    <ClCompile Include="CMusicDifficult.cpp" />
    <ClCompile Include="CSpeedTexture.cpp">
      <Filter>Game\05. Object\SpeedTexture</Filter>
    </ClCompile>
  </ItemGroup>
  <ItemGroup>
    <ResourceCompile Include="Resource.rc">
      <Filter>Default</Filter>
    </ResourceCompile>
  </ItemGroup>
  <ItemGroup>
    <Image Include="icon1.ico" />
    <Image Include="..\DJMAX\content\texture\outgame\default_profile_pic1.ico.jpg">
      <Filter>Default</Filter>
    </Image>
    <Image Include="..\DJMAX\content\texture\outgame\default_profile_pic1.ico" />
  </ItemGroup>
  <ItemGroup>
    <None Include="cpp.hint" />
  </ItemGroup>
</Project>