<?xml version="1.0" encoding="utf-8"?>
<Project ToolsVersion="4.0" xmlns="http://schemas.microsoft.com/developer/msbuild/2003">
  <ItemGroup>
    <Filter Include="Default">
      <UniqueIdentifier>{54129c6e-a243-443e-9088-a7459bbdcab8}</UniqueIdentifier>
    </Filter>
    <Filter Include="Game">
      <UniqueIdentifier>{d0e88143-6f75-4eb6-ab3f-f86c577e0b01}</UniqueIdentifier>
    </Filter>
    <Filter Include="Game\01. Header">
      <UniqueIdentifier>{2166df5f-41f3-467d-84d3-2cffcd9510ad}</UniqueIdentifier>
    </Filter>
    <Filter Include="Game\02. Engine">
      <UniqueIdentifier>{86759c63-a9e2-43c0-8b59-f8c88df551b2}</UniqueIdentifier>
    </Filter>
    <Filter Include="Game\03. Manager">
      <UniqueIdentifier>{572e2969-5f97-463e-bd20-6e4e4894952c}</UniqueIdentifier>
    </Filter>
    <Filter Include="Game\04. Level">
      <UniqueIdentifier>{de03998d-92ce-4dfc-a587-a48c6a526070}</UniqueIdentifier>
    </Filter>
    <Filter Include="Game\05. Object">
      <UniqueIdentifier>{fbc08bd5-a59f-4220-b354-f5e7c3bd360c}</UniqueIdentifier>
    </Filter>
    <Filter Include="Game\06. Component">
      <UniqueIdentifier>{493ea82d-59d5-4e85-adca-d5108462799c}</UniqueIdentifier>
    </Filter>
    <Filter Include="Game\07. Asset">
      <UniqueIdentifier>{2aa79171-90ee-4302-9d12-24215aded087}</UniqueIdentifier>
    </Filter>
    <Filter Include="Game\01. Header\global">
      <UniqueIdentifier>{5fa588c8-8b11-4dc1-aa7c-ece5d2151d05}</UniqueIdentifier>
    </Filter>
    <Filter Include="Game\03. Manager\Asset">
      <UniqueIdentifier>{b1eb85c9-e687-4452-ad90-ca8d187fb605}</UniqueIdentifier>
    </Filter>
    <Filter Include="Game\03. Manager\Camera">
      <UniqueIdentifier>{9360b7a5-be4e-4c02-8975-ae317d6eb48e}</UniqueIdentifier>
    </Filter>
    <Filter Include="Game\03. Manager\Collision">
      <UniqueIdentifier>{fde89a67-cfbb-4e82-8346-5ca61b5f51b2}</UniqueIdentifier>
    </Filter>
    <Filter Include="Game\03. Manager\GC">
      <UniqueIdentifier>{67a40f6a-faad-4073-8ef0-8d8ba81c5ab5}</UniqueIdentifier>
    </Filter>
    <Filter Include="Game\03. Manager\Key">
      <UniqueIdentifier>{0a0673bd-27ba-4821-b4d5-687c3fd56fae}</UniqueIdentifier>
    </Filter>
    <Filter Include="Game\03. Manager\Level">
      <UniqueIdentifier>{bf3b9a1b-92c3-45f6-86ac-9f5252fb069b}</UniqueIdentifier>
    </Filter>
    <Filter Include="Game\03. Manager\Log">
      <UniqueIdentifier>{f92e4408-f77e-49d0-8e2a-2bef8813d269}</UniqueIdentifier>
    </Filter>
    <Filter Include="Game\03. Manager\Path">
      <UniqueIdentifier>{8eca33a8-8906-4987-8f67-e2f2a032c01c}</UniqueIdentifier>
    </Filter>
    <Filter Include="Game\03. Manager\Task">
      <UniqueIdentifier>{473fa0e5-bdfc-4278-90b0-1fa35ab3a022}</UniqueIdentifier>
    </Filter>
    <Filter Include="Game\03. Manager\Time">
      <UniqueIdentifier>{7594b095-5d59-4031-905f-ee1683a475ca}</UniqueIdentifier>
    </Filter>
  </ItemGroup>
  <ItemGroup>
    <ClInclude Include="Client.h">
      <Filter>Default</Filter>
    </ClInclude>
    <ClInclude Include="framework.h">
      <Filter>Default</Filter>
    </ClInclude>
    <ClInclude Include="Resource.h">
      <Filter>Default</Filter>
    </ClInclude>
    <ClInclude Include="targetver.h">
      <Filter>Default</Filter>
    </ClInclude>
    <ClInclude Include="pch.h">
      <Filter>Default</Filter>
    </ClInclude>
    <ClInclude Include="global.h">
      <Filter>Game\01. Header\global</Filter>
    </ClInclude>
    <ClInclude Include="define.h">
      <Filter>Game\01. Header\global</Filter>
    </ClInclude>
    <ClInclude Include="struct.h">
      <Filter>Game\01. Header\global</Filter>
    </ClInclude>
    <ClInclude Include="func.h">
      <Filter>Game\01. Header\global</Filter>
    </ClInclude>
    <ClInclude Include="CEngine.h">
      <Filter>Game\02. Engine</Filter>
    </ClInclude>
    <ClInclude Include="manager.h">
      <Filter>Game\03. Manager</Filter>
    </ClInclude>
  </ItemGroup>
  <ItemGroup>
    <ClCompile Include="main.cpp">
      <Filter>Default</Filter>
    </ClCompile>
    <ClCompile Include="CEngine.cpp">
      <Filter>Game\02. Engine</Filter>
    </ClCompile>
    <ClCompile Include="manager.cpp" />
  </ItemGroup>
</Project>